Microsoft Visual Studio Solution File, Format Version 12.00
# Visual Studio 2012
Project("{FAE04EC0-301F-11D3-BF4B-00C04F79EFBC}") = "Tails & Cosmo Adventure", "Tails & Cosmo Adventure.csproj", "{FA81F9A8-9708-4F29-ACA5-965E050D9DA9}"
EndProject
Global
	GlobalSection(SolutionConfigurationPlatforms) = preSolution
	Debug|Any CPU = Debug|Any CPU
	ExportDebug|Any CPU = ExportDebug|Any CPU
	ExportRelease|Any CPU = ExportRelease|Any CPU
	EndGlobalSection
	GlobalSection(ProjectConfigurationPlatforms) = postSolution
		{FA81F9A8-9708-4F29-ACA5-965E050D9DA9}.Debug|Any CPU.ActiveCfg = Debug|Any CPU
		{FA81F9A8-9708-4F29-ACA5-965E050D9DA9}.Debug|Any CPU.Build.0 = Debug|Any CPU
		{FA81F9A8-9708-4F29-ACA5-965E050D9DA9}.ExportDebug|Any CPU.ActiveCfg = ExportDebug|Any CPU
		{FA81F9A8-9708-4F29-ACA5-965E050D9DA9}.ExportDebug|Any CPU.Build.0 = ExportDebug|Any CPU
		{FA81F9A8-9708-4F29-ACA5-965E050D9DA9}.ExportRelease|Any CPU.ActiveCfg = ExportRelease|Any CPU
		{FA81F9A8-9708-4F29-ACA5-965E050D9DA9}.ExportRelease|Any CPU.Build.0 = ExportRelease|Any CPU
	EndGlobalSection
EndGlobal
